// !$*UTF8*$!
{
	archiveVersion = 1;
	classes = {
	};
	objectVersion = 46;
	objects = {

/* Begin PBXBuildFile section */
		901BBC221E0BDBA3001B408E /* AppDelegate.swift in Sources */ = {isa = PBXBuildFile; fileRef = 901BBC211E0BDBA3001B408E /* AppDelegate.swift */; };
		901BBC241E0BDBA3001B408E /* ViewController.swift in Sources */ = {isa = PBXBuildFile; fileRef = 901BBC231E0BDBA3001B408E /* ViewController.swift */; };
		901BBC271E0BDBA3001B408E /* Main.storyboard in Resources */ = {isa = PBXBuildFile; fileRef = 901BBC251E0BDBA3001B408E /* Main.storyboard */; };
		901BBC291E0BDBA3001B408E /* Assets.xcassets in Resources */ = {isa = PBXBuildFile; fileRef = 901BBC281E0BDBA3001B408E /* Assets.xcassets */; };
		901BBC2C1E0BDBA3001B408E /* LaunchScreen.storyboard in Resources */ = {isa = PBXBuildFile; fileRef = 901BBC2A1E0BDBA3001B408E /* LaunchScreen.storyboard */; };
		901BBC341E0C0B40001B408E /* Photos.swift in Sources */ = {isa = PBXBuildFile; fileRef = 901BBC331E0C0B40001B408E /* Photos.swift */; };
		901BBC361E0C22BD001B408E /* AlbumViewController.swift in Sources */ = {isa = PBXBuildFile; fileRef = 901BBC351E0C22BD001B408E /* AlbumViewController.swift */; };
		90C6434F1E0CB97D0046E382 /* PlayViewController.swift in Sources */ = {isa = PBXBuildFile; fileRef = 90C6434E1E0CB97D0046E382 /* PlayViewController.swift */; };
		90C643511E0CB9C00046E382 /* PhotoViewController.swift in Sources */ = {isa = PBXBuildFile; fileRef = 90C643501E0CB9C00046E382 /* PhotoViewController.swift */; };
		90C643531E0CBB9F0046E382 /* Helper.swift in Sources */ = {isa = PBXBuildFile; fileRef = 90C643521E0CBB9F0046E382 /* Helper.swift */; };
		90C643551E0CD92F0046E382 /* GifGenerator.swift in Sources */ = {isa = PBXBuildFile; fileRef = 90C643541E0CD92F0046E382 /* GifGenerator.swift */; };
		D9FF4C0FB1C858C0607F4BAD /* Pods_FotoDemo.framework in Frameworks */ = {isa = PBXBuildFile; fileRef = 5711C5FD0E3002F9FBD89043 /* Pods_FotoDemo.framework */; };
/* End PBXBuildFile section */

/* Begin PBXFileReference section */
		5711C5FD0E3002F9FBD89043 /* Pods_FotoDemo.framework */ = {isa = PBXFileReference; explicitFileType = wrapper.framework; includeInIndex = 0; path = Pods_FotoDemo.framework; sourceTree = BUILT_PRODUCTS_DIR; };
		901BBC1E1E0BDBA3001B408E /* FotoDemo.app */ = {isa = PBXFileReference; explicitFileType = wrapper.application; includeInIndex = 0; path = FotoDemo.app; sourceTree = BUILT_PRODUCTS_DIR; };
		901BBC211E0BDBA3001B408E /* AppDelegate.swift */ = {isa = PBXFileReference; lastKnownFileType = sourcecode.swift; path = AppDelegate.swift; sourceTree = "<group>"; };
		901BBC231E0BDBA3001B408E /* ViewController.swift */ = {isa = PBXFileReference; lastKnownFileType = sourcecode.swift; path = ViewController.swift; sourceTree = "<group>"; };
		901BBC261E0BDBA3001B408E /* Base */ = {isa = PBXFileReference; lastKnownFileType = file.storyboard; name = Base; path = Base.lproj/Main.storyboard; sourceTree = "<group>"; };
		901BBC281E0BDBA3001B408E /* Assets.xcassets */ = {isa = PBXFileReference; lastKnownFileType = folder.assetcatalog; path = Assets.xcassets; sourceTree = "<group>"; };
		901BBC2B1E0BDBA3001B408E /* Base */ = {isa = PBXFileReference; lastKnownFileType = file.storyboard; name = Base; path = Base.lproj/LaunchScreen.storyboard; sourceTree = "<group>"; };
		901BBC2D1E0BDBA3001B408E /* Info.plist */ = {isa = PBXFileReference; lastKnownFileType = text.plist.xml; path = Info.plist; sourceTree = "<group>"; };
		901BBC331E0C0B40001B408E /* Photos.swift */ = {isa = PBXFileReference; fileEncoding = 4; lastKnownFileType = sourcecode.swift; path = Photos.swift; sourceTree = "<group>"; };
		901BBC351E0C22BD001B408E /* AlbumViewController.swift */ = {isa = PBXFileReference; fileEncoding = 4; lastKnownFileType = sourcecode.swift; path = AlbumViewController.swift; sourceTree = "<group>"; };
		90C6434E1E0CB97D0046E382 /* PlayViewController.swift */ = {isa = PBXFileReference; fileEncoding = 4; lastKnownFileType = sourcecode.swift; path = PlayViewController.swift; sourceTree = "<group>"; };
		90C643501E0CB9C00046E382 /* PhotoViewController.swift */ = {isa = PBXFileReference; fileEncoding = 4; lastKnownFileType = sourcecode.swift; path = PhotoViewController.swift; sourceTree = "<group>"; };
		90C643521E0CBB9F0046E382 /* Helper.swift */ = {isa = PBXFileReference; fileEncoding = 4; lastKnownFileType = sourcecode.swift; path = Helper.swift; sourceTree = "<group>"; };
		90C643541E0CD92F0046E382 /* GifGenerator.swift */ = {isa = PBXFileReference; fileEncoding = 4; lastKnownFileType = sourcecode.swift; path = GifGenerator.swift; sourceTree = "<group>"; };
		B714E5FEDCF25BC12C04289A /* Pods-FotoDemo.release.xcconfig */ = {isa = PBXFileReference; includeInIndex = 1; lastKnownFileType = text.xcconfig; name = "Pods-FotoDemo.release.xcconfig"; path = "Pods/Target Support Files/Pods-FotoDemo/Pods-FotoDemo.release.xcconfig"; sourceTree = "<group>"; };
		F5B48ECD4F6E3D5243DDD7A8 /* Pods-FotoDemo.debug.xcconfig */ = {isa = PBXFileReference; includeInIndex = 1; lastKnownFileType = text.xcconfig; name = "Pods-FotoDemo.debug.xcconfig"; path = "Pods/Target Support Files/Pods-FotoDemo/Pods-FotoDemo.debug.xcconfig"; sourceTree = "<group>"; };
/* End PBXFileReference section */

/* Begin PBXFrameworksBuildPhase section */
		901BBC1B1E0BDBA3001B408E /* Frameworks */ = {
			isa = PBXFrameworksBuildPhase;
			buildActionMask = 2147483647;
			files = (
				D9FF4C0FB1C858C0607F4BAD /* Pods_FotoDemo.framework in Frameworks */,
			);
			runOnlyForDeploymentPostprocessing = 0;
		};
/* End PBXFrameworksBuildPhase section */

/* Begin PBXGroup section */
		478865CBA7631FCB992ACE40 /* Pods */ = {
			isa = PBXGroup;
			children = (
				F5B48ECD4F6E3D5243DDD7A8 /* Pods-FotoDemo.debug.xcconfig */,
				B714E5FEDCF25BC12C04289A /* Pods-FotoDemo.release.xcconfig */,
			);
			name = Pods;
			sourceTree = "<group>";
		};
		901BBC151E0BDBA3001B408E = {
			isa = PBXGroup;
			children = (
				901BBC201E0BDBA3001B408E /* FotoDemo */,
				901BBC1F1E0BDBA3001B408E /* Products */,
				478865CBA7631FCB992ACE40 /* Pods */,
				BA0C659A4E389ECD297307B3 /* Frameworks */,
			);
			sourceTree = "<group>";
		};
		901BBC1F1E0BDBA3001B408E /* Products */ = {
			isa = PBXGroup;
			children = (
				901BBC1E1E0BDBA3001B408E /* FotoDemo.app */,
			);
			name = Products;
			sourceTree = "<group>";
		};
		901BBC201E0BDBA3001B408E /* FotoDemo */ = {
			isa = PBXGroup;
			children = (
				901BBC211E0BDBA3001B408E /* AppDelegate.swift */,
				90C643501E0CB9C00046E382 /* PhotoViewController.swift */,
				901BBC231E0BDBA3001B408E /* ViewController.swift */,
				901BBC251E0BDBA3001B408E /* Main.storyboard */,
				901BBC281E0BDBA3001B408E /* Assets.xcassets */,
				901BBC2A1E0BDBA3001B408E /* LaunchScreen.storyboard */,
				901BBC2D1E0BDBA3001B408E /* Info.plist */,
				901BBC331E0C0B40001B408E /* Photos.swift */,
				901BBC351E0C22BD001B408E /* AlbumViewController.swift */,
				90C6434E1E0CB97D0046E382 /* PlayViewController.swift */,
				90C643521E0CBB9F0046E382 /* Helper.swift */,
				90C643541E0CD92F0046E382 /* GifGenerator.swift */,
			);
			path = FotoDemo;
			sourceTree = "<group>";
		};
		BA0C659A4E389ECD297307B3 /* Frameworks */ = {
			isa = PBXGroup;
			children = (
				5711C5FD0E3002F9FBD89043 /* Pods_FotoDemo.framework */,
			);
			name = Frameworks;
			sourceTree = "<group>";
		};
/* End PBXGroup section */

/* Begin PBXNativeTarget section */
		901BBC1D1E0BDBA3001B408E /* FotoDemo */ = {
			isa = PBXNativeTarget;
			buildConfigurationList = 901BBC301E0BDBA3001B408E /* Build configuration list for PBXNativeTarget "FotoDemo" */;
			buildPhases = (
				A3148412D7258426EEF6229E /* [CP] Check Pods Manifest.lock */,
				901BBC1A1E0BDBA3001B408E /* Sources */,
				901BBC1B1E0BDBA3001B408E /* Frameworks */,
				901BBC1C1E0BDBA3001B408E /* Resources */,
				B4B5E99D2DAE06F815E798EF /* [CP] Embed Pods Frameworks */,
				6F68D787703AC4F657A80F09 /* [CP] Copy Pods Resources */,
			);
			buildRules = (
			);
			dependencies = (
			);
			name = FotoDemo;
			productName = FotoDemo;
			productReference = 901BBC1E1E0BDBA3001B408E /* FotoDemo.app */;
			productType = "com.apple.product-type.application";
		};
/* End PBXNativeTarget section */

/* Begin PBXProject section */
		901BBC161E0BDBA3001B408E /* Project object */ = {
			isa = PBXProject;
			attributes = {
				LastSwiftUpdateCheck = 0820;
				LastUpgradeCheck = 0820;
				ORGANIZATIONNAME = "Nattawut Singhchai";
				TargetAttributes = {
					901BBC1D1E0BDBA3001B408E = {
						CreatedOnToolsVersion = 8.2.1;
						DevelopmentTeam = 7J5JZ3G2QB;
						ProvisioningStyle = Automatic;
					};
				};
			};
			buildConfigurationList = 901BBC191E0BDBA3001B408E /* Build configuration list for PBXProject "FotoDemo" */;
			compatibilityVersion = "Xcode 3.2";
			developmentRegion = English;
			hasScannedForEncodings = 0;
			knownRegions = (
				en,
				Base,
			);
			mainGroup = 901BBC151E0BDBA3001B408E;
			productRefGroup = 901BBC1F1E0BDBA3001B408E /* Products */;
			projectDirPath = "";
			projectRoot = "";
			targets = (
				901BBC1D1E0BDBA3001B408E /* FotoDemo */,
			);
		};
/* End PBXProject section */

/* Begin PBXResourcesBuildPhase section */
		901BBC1C1E0BDBA3001B408E /* Resources */ = {
			isa = PBXResourcesBuildPhase;
			buildActionMask = 2147483647;
			files = (
				901BBC2C1E0BDBA3001B408E /* LaunchScreen.storyboard in Resources */,
				901BBC291E0BDBA3001B408E /* Assets.xcassets in Resources */,
				901BBC271E0BDBA3001B408E /* Main.storyboard in Resources */,
			);
			runOnlyForDeploymentPostprocessing = 0;
		};
/* End PBXResourcesBuildPhase section */

/* Begin PBXShellScriptBuildPhase section */
		6F68D787703AC4F657A80F09 /* [CP] Copy Pods Resources */ = {
			isa = PBXShellScriptBuildPhase;
			buildActionMask = 2147483647;
			files = (
			);
			inputPaths = (
			);
			name = "[CP] Copy Pods Resources";
			outputPaths = (
			);
			runOnlyForDeploymentPostprocessing = 0;
			shellPath = /bin/sh;
			shellScript = "\"${SRCROOT}/Pods/Target Support Files/Pods-FotoDemo/Pods-FotoDemo-resources.sh\"\n";
			showEnvVarsInLog = 0;
		};
		A3148412D7258426EEF6229E /* [CP] Check Pods Manifest.lock */ = {
			isa = PBXShellScriptBuildPhase;
			buildActionMask = 2147483647;
			files = (
			);
			inputPaths = (
			);
			name = "[CP] Check Pods Manifest.lock";
			outputPaths = (
			);
			runOnlyForDeploymentPostprocessing = 0;
			shellPath = /bin/sh;
			shellScript = "diff \"${PODS_ROOT}/../Podfile.lock\" \"${PODS_ROOT}/Manifest.lock\" > /dev/null\nif [ $? != 0 ] ; then\n    # print error to STDERR\n    echo \"error: The sandbox is not in sync with the Podfile.lock. Run 'pod install' or update your CocoaPods installation.\" >&2\n    exit 1\nfi\n";
			showEnvVarsInLog = 0;
		};
		B4B5E99D2DAE06F815E798EF /* [CP] Embed Pods Frameworks */ = {
			isa = PBXShellScriptBuildPhase;
			buildActionMask = 2147483647;
			files = (
			);
			inputPaths = (
			);
			name = "[CP] Embed Pods Frameworks";
			outputPaths = (
			);
			runOnlyForDeploymentPostprocessing = 0;
			shellPath = /bin/sh;
			shellScript = "\"${SRCROOT}/Pods/Target Support Files/Pods-FotoDemo/Pods-FotoDemo-frameworks.sh\"\n";
			showEnvVarsInLog = 0;
		};
/* End PBXShellScriptBuildPhase section */

/* Begin PBXSourcesBuildPhase section */
		901BBC1A1E0BDBA3001B408E /* Sources */ = {
			isa = PBXSourcesBuildPhase;
			buildActionMask = 2147483647;
			files = (
				901BBC361E0C22BD001B408E /* AlbumViewController.swift in Sources */,
				90C643531E0CBB9F0046E382 /* Helper.swift in Sources */,
				90C643551E0CD92F0046E382 /* GifGenerator.swift in Sources */,
				901BBC341E0C0B40001B408E /* Photos.swift in Sources */,
				901BBC241E0BDBA3001B408E /* ViewController.swift in Sources */,
				901BBC221E0BDBA3001B408E /* AppDelegate.swift in Sources */,
				90C6434F1E0CB97D0046E382 /* PlayViewController.swift in Sources */,
				90C643511E0CB9C00046E382 /* PhotoViewController.swift in Sources */,
			);
			runOnlyForDeploymentPostprocessing = 0;
		};
/* End PBXSourcesBuildPhase section */

/* Begin PBXVariantGroup section */
		901BBC251E0BDBA3001B408E /* Main.storyboard */ = {
			isa = PBXVariantGroup;
			children = (
				901BBC261E0BDBA3001B408E /* Base */,
			);
			name = Main.storyboard;
			sourceTree = "<group>";
		};
		901BBC2A1E0BDBA3001B408E /* LaunchScreen.storyboard */ = {
			isa = PBXVariantGroup;
			children = (
				901BBC2B1E0BDBA3001B408E /* Base */,
			);
			name = LaunchScreen.storyboard;
			sourceTree = "<group>";
		};
/* End PBXVariantGroup section */

/* Begin XCBuildConfiguration section */
		901BBC2E1E0BDBA3001B408E /* Debug */ = {
			isa = XCBuildConfiguration;
			buildSettings = {
				ALWAYS_SEARCH_USER_PATHS = NO;
				CLANG_ANALYZER_NONNULL = YES;
				CLANG_CXX_LANGUAGE_STANDARD = "gnu++0x";
				CLANG_CXX_LIBRARY = "libc++";
				CLANG_ENABLE_MODULES = YES;
				CLANG_ENABLE_OBJC_ARC = YES;
				CLANG_WARN_BOOL_CONVERSION = YES;
				CLANG_WARN_CONSTANT_CONVERSION = YES;
				CLANG_WARN_DIRECT_OBJC_ISA_USAGE = YES_ERROR;
				CLANG_WARN_DOCUMENTATION_COMMENTS = YES;
				CLANG_WARN_EMPTY_BODY = YES;
				CLANG_WARN_ENUM_CONVERSION = YES;
				CLANG_WARN_INFINITE_RECURSION = YES;
				CLANG_WARN_INT_CONVERSION = YES;
				CLANG_WARN_OBJC_ROOT_CLASS = YES_ERROR;
				CLANG_WARN_SUSPICIOUS_MOVE = YES;
				CLANG_WARN_UNREACHABLE_CODE = YES;
				CLANG_WARN__DUPLICATE_METHOD_MATCH = YES;
				"CODE_SIGN_IDENTITY[sdk=iphoneos*]" = "iPhone Developer";
				COPY_PHASE_STRIP = NO;
				DEBUG_INFORMATION_FORMAT = dwarf;
				ENABLE_STRICT_OBJC_MSGSEND = YES;
				ENABLE_TESTABILITY = YES;
				GCC_C_LANGUAGE_STANDARD = gnu99;
				GCC_DYNAMIC_NO_PIC = NO;
				GCC_NO_COMMON_BLOCKS = YES;
				GCC_OPTIMIZATION_LEVEL = 0;
				GCC_PREPROCESSOR_DEFINITIONS = (
					"DEBUG=1",
					"$(inherited)",
				);
				GCC_WARN_64_TO_32_BIT_CONVERSION = YES;
				GCC_WARN_ABOUT_RETURN_TYPE = YES_ERROR;
				GCC_WARN_UNDECLARED_SELECTOR = YES;
				GCC_WARN_UNINITIALIZED_AUTOS = YES_AGGRESSIVE;
				GCC_WARN_UNUSED_FUNCTION = YES;
				GCC_WARN_UNUSED_VARIABLE = YES;
				IPHONEOS_DEPLOYMENT_TARGET = 10.2;
				MTL_ENABLE_DEBUG_INFO = YES;
				ONLY_ACTIVE_ARCH = YES;
				SDKROOT = iphoneos;
				SWIFT_ACTIVE_COMPILATION_CONDITIONS = DEBUG;
				SWIFT_OPTIMIZATION_LEVEL = "-Onone";
				TARGETED_DEVICE_FAMILY = "1,2";
			};
			name = Debug;
		};
		901BBC2F1E0BDBA3001B408E /* Release */ = {
			isa = XCBuildConfiguration;
			buildSettings = {
				ALWAYS_SEARCH_USER_PATHS = NO;
				CLANG_ANALYZER_NONNULL = YES;
				CLANG_CXX_LANGUAGE_STANDARD = "gnu++0x";
				CLANG_CXX_LIBRARY = "libc++";
				CLANG_ENABLE_MODULES = YES;
				CLANG_ENABLE_OBJC_ARC = YES;
				CLANG_WARN_BOOL_CONVERSION = YES;
				CLANG_WARN_CONSTANT_CONVERSION = YES;
				CLANG_WARN_DIRECT_OBJC_ISA_USAGE = YES_ERROR;
				CLANG_WARN_DOCUMENTATION_COMMENTS = YES;
				CLANG_WARN_EMPTY_BODY = YES;
				CLANG_WARN_ENUM_CONVERSION = YES;
				CLANG_WARN_INFINITE_RECURSION = YES;
				CLANG_WARN_INT_CONVERSION = YES;
				CLANG_WARN_OBJC_ROOT_CLASS = YES_ERROR;
				CLANG_WARN_SUSPICIOUS_MOVE = YES;
				CLANG_WARN_UNREACHABLE_CODE = YES;
				CLANG_WARN__DUPLICATE_METHOD_MATCH = YES;
				"CODE_SIGN_IDENTITY[sdk=iphoneos*]" = "iPhone Developer";
				COPY_PHASE_STRIP = NO;
				DEBUG_INFORMATION_FORMAT = "dwarf-with-dsym";
				ENABLE_NS_ASSERTIONS = NO;
				ENABLE_STRICT_OBJC_MSGSEND = YES;
				GCC_C_LANGUAGE_STANDARD = gnu99;
				GCC_NO_COMMON_BLOCKS = YES;
				GCC_WARN_64_TO_32_BIT_CONVERSION = YES;
				GCC_WARN_ABOUT_RETURN_TYPE = YES_ERROR;
				GCC_WARN_UNDECLARED_SELECTOR = YES;
				GCC_WARN_UNINITIALIZED_AUTOS = YES_AGGRESSIVE;
				GCC_WARN_UNUSED_FUNCTION = YES;
				GCC_WARN_UNUSED_VARIABLE = YES;
				IPHONEOS_DEPLOYMENT_TARGET = 10.2;
				MTL_ENABLE_DEBUG_INFO = NO;
				SDKROOT = iphoneos;
				SWIFT_OPTIMIZATION_LEVEL = "-Owholemodule";
				TARGETED_DEVICE_FAMILY = "1,2";
				VALIDATE_PRODUCT = YES;
			};
			name = Release;
		};
		901BBC311E0BDBA3001B408E /* Debug */ = {
			isa = XCBuildConfiguration;
			baseConfigurationReference = F5B48ECD4F6E3D5243DDD7A8 /* Pods-FotoDemo.debug.xcconfig */;
			buildSettings = {
				ASSETCATALOG_COMPILER_APPICON_NAME = AppIcon;
				DEVELOPMENT_TEAM = 7J5JZ3G2QB;
				INFOPLIST_FILE = FotoDemo/Info.plist;
				LD_RUNPATH_SEARCH_PATHS = "$(inherited) @executable_path/Frameworks";
				PRODUCT_BUNDLE_IDENTIFIER = indevizible.FotoDemo;
				PRODUCT_NAME = "$(TARGET_NAME)";
				SWIFT_VERSION = 3.0;
			};
			name = Debug;
		};
		901BBC321E0BDBA3001B408E /* Release */ = {
			isa = XCBuildConfiguration;
			baseConfigurationReference = B714E5FEDCF25BC12C04289A /* Pods-FotoDemo.release.xcconfig */;
			buildSettings = {
				ASSETCATALOG_COMPILER_APPICON_NAME = AppIcon;
				DEVELOPMENT_TEAM = 7J5JZ3G2QB;
				INFOPLIST_FILE = FotoDemo/Info.plist;
				LD_RUNPATH_SEARCH_PATHS = "$(inherited) @executable_path/Frameworks";
				PRODUCT_BUNDLE_IDENTIFIER = indevizible.FotoDemo;
				PRODUCT_NAME = "$(TARGET_NAME)";
				SWIFT_VERSION = 3.0;
			};
			name = Release;
		};
/* End XCBuildConfiguration section */

/* Begin XCConfigurationList section */
		901BBC191E0BDBA3001B408E /* Build configuration list for PBXProject "FotoDemo" */ = {
			isa = XCConfigurationList;
			buildConfigurations = (
				901BBC2E1E0BDBA3001B408E /* Debug */,
				901BBC2F1E0BDBA3001B408E /* Release */,
			);
			defaultConfigurationIsVisible = 0;
			defaultConfigurationName = Release;
		};
		901BBC301E0BDBA3001B408E /* Build configuration list for PBXNativeTarget "FotoDemo" */ = {
			isa = XCConfigurationList;
			buildConfigurations = (
				901BBC311E0BDBA3001B408E /* Debug */,
				901BBC321E0BDBA3001B408E /* Release */,
			);
			defaultConfigurationIsVisible = 0;
			defaultConfigurationName = Release;
		};
/* End XCConfigurationList section */
	};
	rootObject = 901BBC161E0BDBA3001B408E /* Project object */;
}
